
Microsoft Visual Studio Solution File, Format Version 12.00
# Visual Studio 15
VisualStudioVersion = 15.0.26124.0
MinimumVisualStudioVersion = 15.0.26124.0
Project("{FAE04EC0-301F-11D3-BF4B-00C04F79EFBC}") = "API", "API\API.csproj", "{B4F43A7E-6911-4DCE-BCF4-E4E3DE869A69}"
EndProject
Project("{FAE04EC0-301F-11D3-BF4B-00C04F79EFBC}") = "Core", "Core\Core.csproj", "{158BCAE2-EF56-4C5F-A904-C9CF3245A48E}"
EndProject
Project("{FAE04EC0-301F-11D3-BF4B-00C04F79EFBC}") = "Infrastructure", "Infrastructure\Infrastructure.csproj", "{3F993FBC-C0AB-433C-9E62-EFB4DF8E483C}"
EndProject
Global
	GlobalSection(SolutionConfigurationPlatforms) = preSolution
		Debug|Any CPU = Debug|Any CPU
		Debug|x64 = Debug|x64
		Debug|x86 = Debug|x86
		Release|Any CPU = Release|Any CPU
		Release|x64 = Release|x64
		Release|x86 = Release|x86
	EndGlobalSection
	GlobalSection(SolutionProperties) = preSolution
		HideSolutionNode = FALSE
	EndGlobalSection
	GlobalSection(ProjectConfigurationPlatforms) = postSolution
		{B4F43A7E-6911-4DCE-BCF4-E4E3DE869A69}.Debug|Any CPU.ActiveCfg = Debug|Any CPU
		{B4F43A7E-6911-4DCE-BCF4-E4E3DE869A69}.Debug|Any CPU.Build.0 = Debug|Any CPU
		{B4F43A7E-6911-4DCE-BCF4-E4E3DE869A69}.Debug|x64.ActiveCfg = Debug|Any CPU
		{B4F43A7E-6911-4DCE-BCF4-E4E3DE869A69}.Debug|x64.Build.0 = Debug|Any CPU
		{B4F43A7E-6911-4DCE-BCF4-E4E3DE869A69}.Debug|x86.ActiveCfg = Debug|Any CPU
		{B4F43A7E-6911-4DCE-BCF4-E4E3DE869A69}.Debug|x86.Build.0 = Debug|Any CPU
		{B4F43A7E-6911-4DCE-BCF4-E4E3DE869A69}.Release|Any CPU.ActiveCfg = Release|Any CPU
		{B4F43A7E-6911-4DCE-BCF4-E4E3DE869A69}.Release|Any CPU.Build.0 = Release|Any CPU
		{B4F43A7E-6911-4DCE-BCF4-E4E3DE869A69}.Release|x64.ActiveCfg = Release|Any CPU
		{B4F43A7E-6911-4DCE-BCF4-E4E3DE869A69}.Release|x64.Build.0 = Release|Any CPU
		{B4F43A7E-6911-4DCE-BCF4-E4E3DE869A69}.Release|x86.ActiveCfg = Release|Any CPU
		{B4F43A7E-6911-4DCE-BCF4-E4E3DE869A69}.Release|x86.Build.0 = Release|Any CPU
		{158BCAE2-EF56-4C5F-A904-C9CF3245A48E}.Debug|Any CPU.ActiveCfg = Debug|Any CPU
		{158BCAE2-EF56-4C5F-A904-C9CF3245A48E}.Debug|Any CPU.Build.0 = Debug|Any CPU
		{158BCAE2-EF56-4C5F-A904-C9CF3245A48E}.Debug|x64.ActiveCfg = Debug|Any CPU
		{158BCAE2-EF56-4C5F-A904-C9CF3245A48E}.Debug|x64.Build.0 = Debug|Any CPU
		{158BCAE2-EF56-4C5F-A904-C9CF3245A48E}.Debug|x86.ActiveCfg = Debug|Any CPU
		{158BCAE2-EF56-4C5F-A904-C9CF3245A48E}.Debug|x86.Build.0 = Debug|Any CPU
		{158BCAE2-EF56-4C5F-A904-C9CF3245A48E}.Release|Any CPU.ActiveCfg = Release|Any CPU
		{158BCAE2-EF56-4C5F-A904-C9CF3245A48E}.Release|Any CPU.Build.0 = Release|Any CPU
		{158BCAE2-EF56-4C5F-A904-C9CF3245A48E}.Release|x64.ActiveCfg = Release|Any CPU
		{158BCAE2-EF56-4C5F-A904-C9CF3245A48E}.Release|x64.Build.0 = Release|Any CPU
		{158BCAE2-EF56-4C5F-A904-C9CF3245A48E}.Release|x86.ActiveCfg = Release|Any CPU
		{158BCAE2-EF56-4C5F-A904-C9CF3245A48E}.Release|x86.Build.0 = Release|Any CPU
		{3F993FBC-C0AB-433C-9E62-EFB4DF8E483C}.Debug|Any CPU.ActiveCfg = Debug|Any CPU
		{3F993FBC-C0AB-433C-9E62-EFB4DF8E483C}.Debug|Any CPU.Build.0 = Debug|Any CPU
		{3F993FBC-C0AB-433C-9E62-EFB4DF8E483C}.Debug|x64.ActiveCfg = Debug|Any CPU
		{3F993FBC-C0AB-433C-9E62-EFB4DF8E483C}.Debug|x64.Build.0 = Debug|Any CPU
		{3F993FBC-C0AB-433C-9E62-EFB4DF8E483C}.Debug|x86.ActiveCfg = Debug|Any CPU
		{3F993FBC-C0AB-433C-9E62-EFB4DF8E483C}.Debug|x86.Build.0 = Debug|Any CPU
		{3F993FBC-C0AB-433C-9E62-EFB4DF8E483C}.Release|Any CPU.ActiveCfg = Release|Any CPU
		{3F993FBC-C0AB-433C-9E62-EFB4DF8E483C}.Release|Any CPU.Build.0 = Release|Any CPU
		{3F993FBC-C0AB-433C-9E62-EFB4DF8E483C}.Release|x64.ActiveCfg = Release|Any CPU
		{3F993FBC-C0AB-433C-9E62-EFB4DF8E483C}.Release|x64.Build.0 = Release|Any CPU
		{3F993FBC-C0AB-433C-9E62-EFB4DF8E483C}.Release|x86.ActiveCfg = Release|Any CPU
		{3F993FBC-C0AB-433C-9E62-EFB4DF8E483C}.Release|x86.Build.0 = Release|Any CPU
	EndGlobalSection
EndGlobal
